
Microsoft Visual Studio Solution File, Format Version 12.00
# Visual Studio 2012
Project("{FAE04EC0-301F-11D3-BF4B-00C04F79EFBC}") = "MyToDoListApp", "MyToDoListApp\MyToDoListApp.csproj", "{F80E2044-CCAB-48CD-B77A-2B87047C2235}"
EndProject
Project("{FAE04EC0-301F-11D3-BF4B-00C04F79EFBC}") = "MyToDoList.Core", "MyToDoListCore\MyToDoList.Core.csproj", "{748301A8-44FA-48A9-AD01-1A7E243A2422}"
EndProject
Project("{FAE04EC0-301F-11D3-BF4B-00C04F79EFBC}") = "MyToDoList.Common", "MyToDoList.Common\MyToDoList.Common.csproj", "{7D0EF487-39DB-4038-928A-50BA2E7965C7}"
EndProject
Global
	GlobalSection(SolutionConfigurationPlatforms) = preSolution
		Debug|Any CPU = Debug|Any CPU
		Release|Any CPU = Release|Any CPU
	EndGlobalSection
	GlobalSection(ProjectConfigurationPlatforms) = postSolution
		{F80E2044-CCAB-48CD-B77A-2B87047C2235}.Debug|Any CPU.ActiveCfg = Debug|Any CPU
		{F80E2044-CCAB-48CD-B77A-2B87047C2235}.Debug|Any CPU.Build.0 = Debug|Any CPU
		{F80E2044-CCAB-48CD-B77A-2B87047C2235}.Release|Any CPU.ActiveCfg = Release|Any CPU
		{F80E2044-CCAB-48CD-B77A-2B87047C2235}.Release|Any CPU.Build.0 = Release|Any CPU
		{748301A8-44FA-48A9-AD01-1A7E243A2422}.Debug|Any CPU.ActiveCfg = Debug|Any CPU
		{748301A8-44FA-48A9-AD01-1A7E243A2422}.Debug|Any CPU.Build.0 = Debug|Any CPU
		{748301A8-44FA-48A9-AD01-1A7E243A2422}.Release|Any CPU.ActiveCfg = Release|Any CPU
		{748301A8-44FA-48A9-AD01-1A7E243A2422}.Release|Any CPU.Build.0 = Release|Any CPU
		{7D0EF487-39DB-4038-928A-50BA2E7965C7}.Debug|Any CPU.ActiveCfg = Debug|Any CPU
		{7D0EF487-39DB-4038-928A-50BA2E7965C7}.Debug|Any CPU.Build.0 = Debug|Any CPU
		{7D0EF487-39DB-4038-928A-50BA2E7965C7}.Release|Any CPU.ActiveCfg = Release|Any CPU
		{7D0EF487-39DB-4038-928A-50BA2E7965C7}.Release|Any CPU.Build.0 = Release|Any CPU
	EndGlobalSection
	GlobalSection(SolutionProperties) = preSolution
		HideSolutionNode = FALSE
	EndGlobalSection
EndGlobal
